
Microsoft Visual Studio Solution File, Format Version 12.00
# Visual Studio Version 17
VisualStudioVersion = 17.4.32916.344
MinimumVisualStudioVersion = 10.0.40219.1
Project("{9A19103F-16F7-4668-BE54-9A1E7A4F7556}") = "IoC.Precompiler.Abstractions", "src\IoC.Precompiler.Abstractions.csproj", "{2A571CED-B99F-4801-AF2F-E138D102C33E}"
EndProject
Project("{9A19103F-16F7-4668-BE54-9A1E7A4F7556}") = "IoC.Precompiler.Abstractions.Tests", "tests\IoC.Precompiler.Abstractions.Tests.csproj", "{8F876F9B-9ED9-4337-AA52-A02CFF86B9B1}"
EndProject
Global
	GlobalSection(SolutionConfigurationPlatforms) = preSolution
		Debug|Any CPU = Debug|Any CPU
		Release|Any CPU = Release|Any CPU
	EndGlobalSection
	GlobalSection(ProjectConfigurationPlatforms) = postSolution
		{2A571CED-B99F-4801-AF2F-E138D102C33E}.Debug|Any CPU.ActiveCfg = Debug|Any CPU
		{2A571CED-B99F-4801-AF2F-E138D102C33E}.Debug|Any CPU.Build.0 = Debug|Any CPU
		{2A571CED-B99F-4801-AF2F-E138D102C33E}.Release|Any CPU.ActiveCfg = Release|Any CPU
		{2A571CED-B99F-4801-AF2F-E138D102C33E}.Release|Any CPU.Build.0 = Release|Any CPU
		{8F876F9B-9ED9-4337-AA52-A02CFF86B9B1}.Debug|Any CPU.ActiveCfg = Debug|Any CPU
		{8F876F9B-9ED9-4337-AA52-A02CFF86B9B1}.Debug|Any CPU.Build.0 = Debug|Any CPU
		{8F876F9B-9ED9-4337-AA52-A02CFF86B9B1}.Release|Any CPU.ActiveCfg = Release|Any CPU
		{8F876F9B-9ED9-4337-AA52-A02CFF86B9B1}.Release|Any CPU.Build.0 = Release|Any CPU
	EndGlobalSection
	GlobalSection(SolutionProperties) = preSolution
		HideSolutionNode = FALSE
	EndGlobalSection
	GlobalSection(ExtensibilityGlobals) = postSolution
		SolutionGuid = {72EFF608-6F5A-4511-A5DC-A7A46A0281BA}
	EndGlobalSection
EndGlobal
